
Microsoft Visual Studio Solution File, Format Version 12.00
# Visual Studio Version 17
VisualStudioVersion = 17.3.32825.248
MinimumVisualStudioVersion = 10.0.40219.1
Project("{FAE04EC0-301F-11D3-BF4B-00C04F79EFBC}") = "CalculatorCOM", "src\CalculatorCOM\CalculatorCOM.csproj", "{6DCFE41D-7A38-47DD-841D-BB26AAE8E87A}"
EndProject
Project("{2150E333-8FDC-42A3-9474-1A3956D46DE8}") = "Test", "Test", "{0CAB3CFE-45A5-424B-A644-0CFD7B580319}"
EndProject
Project("{FAE04EC0-301F-11D3-BF4B-00C04F79EFBC}") = "CalculatorCOMTest", "CalculatorCOMTest\CalculatorCOMTest.csproj", "{464FCA6A-C74D-4B03-909F-44B1E6E138E7}"
EndProject
Project("{FAE04EC0-301F-11D3-BF4B-00C04F79EFBC}") = "CalculatorCOMConsumer", "src\CalculatorCOMConsumer\CalculatorCOMConsumer.csproj", "{79368F43-C5D6-4267-9EFC-17CF54394062}"
EndProject
Global
	GlobalSection(SolutionConfigurationPlatforms) = preSolution
		Debug|Any CPU = Debug|Any CPU
		Release|Any CPU = Release|Any CPU
	EndGlobalSection
	GlobalSection(ProjectConfigurationPlatforms) = postSolution
		{6DCFE41D-7A38-47DD-841D-BB26AAE8E87A}.Debug|Any CPU.ActiveCfg = Debug|Any CPU
		{6DCFE41D-7A38-47DD-841D-BB26AAE8E87A}.Debug|Any CPU.Build.0 = Debug|Any CPU
		{6DCFE41D-7A38-47DD-841D-BB26AAE8E87A}.Release|Any CPU.ActiveCfg = Release|Any CPU
		{6DCFE41D-7A38-47DD-841D-BB26AAE8E87A}.Release|Any CPU.Build.0 = Release|Any CPU
		{464FCA6A-C74D-4B03-909F-44B1E6E138E7}.Debug|Any CPU.ActiveCfg = Debug|Any CPU
		{464FCA6A-C74D-4B03-909F-44B1E6E138E7}.Debug|Any CPU.Build.0 = Debug|Any CPU
		{464FCA6A-C74D-4B03-909F-44B1E6E138E7}.Release|Any CPU.ActiveCfg = Release|Any CPU
		{464FCA6A-C74D-4B03-909F-44B1E6E138E7}.Release|Any CPU.Build.0 = Release|Any CPU
		{79368F43-C5D6-4267-9EFC-17CF54394062}.Debug|Any CPU.ActiveCfg = Debug|Any CPU
		{79368F43-C5D6-4267-9EFC-17CF54394062}.Debug|Any CPU.Build.0 = Debug|Any CPU
		{79368F43-C5D6-4267-9EFC-17CF54394062}.Release|Any CPU.ActiveCfg = Release|Any CPU
		{79368F43-C5D6-4267-9EFC-17CF54394062}.Release|Any CPU.Build.0 = Release|Any CPU
	EndGlobalSection
	GlobalSection(SolutionProperties) = preSolution
		HideSolutionNode = FALSE
	EndGlobalSection
	GlobalSection(NestedProjects) = preSolution
		{464FCA6A-C74D-4B03-909F-44B1E6E138E7} = {0CAB3CFE-45A5-424B-A644-0CFD7B580319}
	EndGlobalSection
	GlobalSection(ExtensibilityGlobals) = postSolution
		SolutionGuid = {26015E48-3FE8-4A8B-AB95-5988D0F56559}
	EndGlobalSection
EndGlobal
